{
  "name": "@pown/request",
  "version": "2.5.0",
  "lockfileVersion": 1,
  "requires": true,
  "dependencies": {
    "@pown/async": {
      "version": "2.0.1",
      "resolved": "https://registry.npmjs.org/@pown/async/-/async-2.0.1.tgz",
      "integrity": "sha512-lNS9bmCvJBtNE5uIAmVwr/Ne8mK05OMlH+5GQnSjaGjIrYd+f4SnA+G9A487ldk9URPkGZWyJSe0SnStWqbW4w==",
      "requires": {
        "bottleneck": "^2.15.3"
      }
    },
    "@pown/toolchain": {
      "version": "2.0.0",
      "resolved": "https://registry.npmjs.org/@pown/toolchain/-/toolchain-2.0.0.tgz",
      "integrity": "sha512-SqF0+P7TE7O1KIn77gv6343/lxNeJqV0wWK2Asju2UQHJJrpieJUE60GrgRW80hdUXt16sZ4Txx8+sRKo57MIw==",
      "dev": true
    },
    "bottleneck": {
      "version": "2.15.3",
      "resolved": "https://registry.npmjs.org/bottleneck/-/bottleneck-2.15.3.tgz",
      "integrity": "sha512-2sHF/gMwTshF//gQninQBEHDNBXuvDLfSczPHpDc2U/9SC+P/97Zt01hy7UTEV0atSZ9BQBIHsdju/6wn7m4+w=="
    },
    "is-deflate": {
      "version": "1.0.0",
      "resolved": "https://registry.npmjs.org/is-deflate/-/is-deflate-1.0.0.tgz",
      "integrity": "sha1-yGKQHDwWH7CdrHzcfnhPgOmPLxQ="
    },
    "is-gzip": {
      "version": "2.0.0",
      "resolved": "https://registry.npmjs.org/is-gzip/-/is-gzip-2.0.0.tgz",
      "integrity": "sha512-jtO4Njg6q58zDo/Pu4027beSZ0VdsZlt8/5Moco6yAg+DIxb5BK/xUYqYG2+MD4+piKldXJNHxRkhEYI2fvrxA=="
    },
    "performance-now": {
      "version": "2.1.0",
      "resolved": "https://registry.npmjs.org/performance-now/-/performance-now-2.1.0.tgz",
      "integrity": "sha1-Ywn04OX6kT7BxpMHrjZLSzd8nns="
    }
  }
}
